# This file is automatically @generated by Cargo.
# It is not intended for manual editing.
version = 4

[[package]]
name = "ksa64-core"
version = "0.1.0"

[[package]]
name = "ksa64-flight"
version = "0.1.0"
dependencies = [
 "ksa64-interface",
]

[[package]]
name = "ksa64-host"
version = "0.1.0"
dependencies = [
 "ksa64-core",
 "ksa64-interface",
 "ksa64-sim",
]

[[package]]
name = "ksa64-interface"
version = "0.1.0"

[[package]]
name = "ksa64-sim"
version = "0.1.0"
dependencies = [
 "ksa64-core",
 "ksa64-flight",
 "ksa64-interface",
]
