# This file is automatically @generated by Cargo.
# It is not intended for manual editing.
version = 4

[[package]]
name = "ksa64-interface"
version = "0.1.0"

[[package]]
name = "ksa64-presentation"
version = "0.1.0"
dependencies = [
 "ksa64-interface",
]

[[package]]
name = "ksa64-vita-client"
version = "0.1.0"
dependencies = [
 "ksa64-presentation",
]
